{
  "nodes": {
    "home-manager": {
      "inputs": {
        "nixpkgs": [
          "nixpkgs"
        ]
      },
      "locked": {
        "lastModified": 1788651960,
        "narHash": "sha256-v9wJd32eZ2bvhBzVOd7TIjLQd011P7nwOhjKtWlci5I=",
        "owner": "nix-community",
        "repo": "home-manager",
        "rev": "2c0350c759688177331b8f5242311fae8877bdb3",
        "type": "github"
      },
      "original": {
        "owner": "nix-community",
        "repo": "home-manager",
        "type": "github"
      }
    },
    "nix-index-database": {
      "inputs": {
        "nixpkgs": [
          "nixpkgs"
        ]
      },
      "locked": {
        "lastModified": 1788680125,
        "narHash": "sha256-amGSoDobwmp4CFvCn841ws2iuitus+HUJdD/gKgsrJA=",
        "owner": "nix-community",
        "repo": "nix-index-database",
        "rev": "116ad1c2adb642405ef8916f6a94c8626f971344",
        "type": "github"
      },
      "original": {
        "owner": "nix-community",
        "repo": "nix-index-database",
        "type": "github"
      }
    },
    "nixos-hardware": {
      "inputs": {
        "nixpkgs": "nixpkgs"
      },
      "locked": {
        "lastModified": 1788335262,
        "narHash": "sha256-3jBEq8avfzlrsY4UpW4d5TOmm7ocseZfnitEJhqauyc=",
        "owner": "NixOS",
        "repo": "nixos-hardware",
        "rev": "44d95795ee2d475b3d687325e26dcf4ca9104557",
        "type": "github"
      },
      "original": {
        "owner": "NixOS",
        "ref": "master",
        "repo": "nixos-hardware",
        "type": "github"
      }
    },
    "nixpkgs": {
      "locked": {
        "lastModified": 1767892417,
        "narHash": "sha256-8bW3q88CEg2u4hSP66Vf4lpbLonHz7hqDNBMcCY7E9U=",
        "rev": "3497aa5c9457a9d88d71fa93a4a8368816fbeeba",
        "type": "tarball",
        "url": "https://releases.nixos.org/nixos/unstable/nixos-26.05pre924538.3497aa5c9457/nixexprs.tar.xz"
      },
      "original": {
        "type": "tarball",
        "url": "https://channels.nixos.org/nixos-unstable/nixexprs.tar.xz"
      }
    },
    "nixpkgs_2": {
      "locked": {
        "lastModified": 1788752844,
        "narHash": "sha256-VaWGJ6+cIYN2erfSecbRV+4ljI185Ty2wUrXyvQbgOw=",
        "owner": "NixOS",
        "repo": "nixpkgs",
        "rev": "dc5d91f840324650bac8c379428c7037a416959a",
        "type": "github"
      },
      "original": {
        "owner": "NixOS",
        "ref": "nixos-unstable",
        "repo": "nixpkgs",
        "type": "github"
      }
    },
    "noctalia": {
      "inputs": {
        "nixpkgs": [
          "nixpkgs"
        ],
        "noctalia-qs": "noctalia-qs"
      },
      "locked": {
        "lastModified": 1780673010,
        "narHash": "sha256-h7Q8F019PwjIqm5lH0kJRQ/58UiELG+XwZ2B62K3PKA=",
        "owner": "noctalia-dev",
        "repo": "noctalia-shell",
        "rev": "2461f871a602f9a5688b5b01dc19c6309dd0d519",
        "type": "github"
      },
      "original": {
        "owner": "noctalia-dev",
        "repo": "noctalia-shell",
        "type": "github"
      }
    },
    "noctalia-qs": {
      "inputs": {
        "nixpkgs": [
          "noctalia",
          "nixpkgs"
        ],
        "systems": "systems",
        "treefmt-nix": "treefmt-nix"
      },
      "locked": {
        "lastModified": 1780194487,
        "narHash": "sha256-M+YtjKCTkHrkplNaKVyaxfa8hAWjRF6wFOUBAZvxQ4U=",
        "owner": "noctalia-dev",
        "repo": "noctalia-qs",
        "rev": "07398e12b54f194e3a2d47c87e3fd10b8eeaa27d",
        "type": "github"
      },
      "original": {
        "owner": "noctalia-dev",
        "repo": "noctalia-qs",
        "type": "github"
      }
    },
    "root": {
      "inputs": {
        "home-manager": "home-manager",
        "nix-index-database": "nix-index-database",
        "nixos-hardware": "nixos-hardware",
        "nixpkgs": "nixpkgs_2",
        "noctalia": "noctalia"
      }
    },
    "systems": {
      "locked": {
        "lastModified": 1689347949,
        "narHash": "sha256-12tWmuL2zgBgZkdoB6qXZsgJEH9LR3oUgpaQq2RbI80=",
        "owner": "nix-systems",
        "repo": "default-linux",
        "rev": "31732fcf5e8fea42e59c2488ad31a0e651500f68",
        "type": "github"
      },
      "original": {
        "owner": "nix-systems",
        "repo": "default-linux",
        "type": "github"
      }
    },
    "treefmt-nix": {
      "inputs": {
        "nixpkgs": [
          "noctalia",
          "noctalia-qs",
          "nixpkgs"
        ]
      },
      "locked": {
        "lastModified": 1775636079,
        "narHash": "sha256-pc20NRoMdiar8oPQceQT47UUZMBTiMdUuWrYu2obUP0=",
        "owner": "numtide",
        "repo": "treefmt-nix",
        "rev": "790751ff7fd3801feeaf96d7dc416a8d581265ba",
        "type": "github"
      },
      "original": {
        "owner": "numtide",
        "repo": "treefmt-nix",
        "type": "github"
      }
    }
  },
  "root": "root",
  "version": 7
}
